
Microsoft Visual Studio Solution File, Format Version 12.00
# Visual Studio Version 16
VisualStudioVersion = 16.0.29215.179
MinimumVisualStudioVersion = 10.0.40219.1
Project("{FAE04EC0-301F-11D3-BF4B-00C04F79EFBC}") = "transaction-api", "transaction-api\transaction-api.csproj", "{CC84EED9-9AF4-4D19-AEAD-6DE063AD343C}"
EndProject
Global
	GlobalSection(SolutionConfigurationPlatforms) = preSolution
		Debug|Any CPU = Debug|Any CPU
		Release|Any CPU = Release|Any CPU
	EndGlobalSection
	GlobalSection(ProjectConfigurationPlatforms) = postSolution
		{CC84EED9-9AF4-4D19-AEAD-6DE063AD343C}.Debug|Any CPU.ActiveCfg = Debug|Any CPU
		{CC84EED9-9AF4-4D19-AEAD-6DE063AD343C}.Debug|Any CPU.Build.0 = Debug|Any CPU
		{CC84EED9-9AF4-4D19-AEAD-6DE063AD343C}.Release|Any CPU.ActiveCfg = Release|Any CPU
		{CC84EED9-9AF4-4D19-AEAD-6DE063AD343C}.Release|Any CPU.Build.0 = Release|Any CPU
	EndGlobalSection
	GlobalSection(SolutionProperties) = preSolution
		HideSolutionNode = FALSE
	EndGlobalSection
	GlobalSection(ExtensibilityGlobals) = postSolution
		SolutionGuid = {B71690DA-F193-408C-9F37-A027A3CF424F}
	EndGlobalSection
EndGlobal
